
Microsoft Visual Studio Solution File, Format Version 12.00
# Visual Studio Version 16
VisualStudioVersion = 16.0.30611.23
MinimumVisualStudioVersion = 10.0.40219.1
Project("{9A19103F-16F7-4668-BE54-9A1E7A4F7556}") = "MontyHallLibrary", "MontyHallLibrary\MontyHallLibrary.csproj", "{5D7BC906-4951-424F-9CBB-A88252436A54}"
EndProject
Project("{9A19103F-16F7-4668-BE54-9A1E7A4F7556}") = "MontyHallTest", "MontyHallTest\MontyHallTest.csproj", "{25E749CC-5774-4453-9FC3-C0436FB4AC44}"
EndProject
Global
	GlobalSection(SolutionConfigurationPlatforms) = preSolution
		Debug|Any CPU = Debug|Any CPU
		Release|Any CPU = Release|Any CPU
	EndGlobalSection
	GlobalSection(ProjectConfigurationPlatforms) = postSolution
		{5D7BC906-4951-424F-9CBB-A88252436A54}.Debug|Any CPU.ActiveCfg = Debug|Any CPU
		{5D7BC906-4951-424F-9CBB-A88252436A54}.Debug|Any CPU.Build.0 = Debug|Any CPU
		{5D7BC906-4951-424F-9CBB-A88252436A54}.Release|Any CPU.ActiveCfg = Release|Any CPU
		{5D7BC906-4951-424F-9CBB-A88252436A54}.Release|Any CPU.Build.0 = Release|Any CPU
		{25E749CC-5774-4453-9FC3-C0436FB4AC44}.Debug|Any CPU.ActiveCfg = Debug|Any CPU
		{25E749CC-5774-4453-9FC3-C0436FB4AC44}.Debug|Any CPU.Build.0 = Debug|Any CPU
		{25E749CC-5774-4453-9FC3-C0436FB4AC44}.Release|Any CPU.ActiveCfg = Release|Any CPU
		{25E749CC-5774-4453-9FC3-C0436FB4AC44}.Release|Any CPU.Build.0 = Release|Any CPU
	EndGlobalSection
	GlobalSection(SolutionProperties) = preSolution
		HideSolutionNode = FALSE
	EndGlobalSection
	GlobalSection(ExtensibilityGlobals) = postSolution
		SolutionGuid = {A31CEEAA-E5E0-46E5-AA81-065B76BB2412}
	EndGlobalSection
EndGlobal
